
Microsoft Visual Studio Solution File, Format Version 12.00
# Visual Studio Version 17
VisualStudioVersion = 17.8.34330.188
MinimumVisualStudioVersion = 10.0.40219.1
Project("{FAE04EC0-301F-11D3-BF4B-00C04F79EFBC}") = "TopLevelFunctions", "TopLevelFunctions\TopLevelFunctions.csproj", "{F926EE75-89F6-44AA-A758-CB1781086559}"
EndProject
Project("{FAE04EC0-301F-11D3-BF4B-00C04F79EFBC}") = "WritingFunctions", "WritingFunctions\WritingFunctions.csproj", "{A91D4147-71E1-4BB4-9033-E093A10CE5B4}"
EndProject
Global
	GlobalSection(SolutionConfigurationPlatforms) = preSolution
		Debug|Any CPU = Debug|Any CPU
		Release|Any CPU = Release|Any CPU
	EndGlobalSection
	GlobalSection(ProjectConfigurationPlatforms) = postSolution
		{F926EE75-89F6-44AA-A758-CB1781086559}.Debug|Any CPU.ActiveCfg = Debug|Any CPU
		{F926EE75-89F6-44AA-A758-CB1781086559}.Debug|Any CPU.Build.0 = Debug|Any CPU
		{F926EE75-89F6-44AA-A758-CB1781086559}.Release|Any CPU.ActiveCfg = Release|Any CPU
		{F926EE75-89F6-44AA-A758-CB1781086559}.Release|Any CPU.Build.0 = Release|Any CPU
		{A91D4147-71E1-4BB4-9033-E093A10CE5B4}.Debug|Any CPU.ActiveCfg = Debug|Any CPU
		{A91D4147-71E1-4BB4-9033-E093A10CE5B4}.Debug|Any CPU.Build.0 = Debug|Any CPU
		{A91D4147-71E1-4BB4-9033-E093A10CE5B4}.Release|Any CPU.ActiveCfg = Release|Any CPU
		{A91D4147-71E1-4BB4-9033-E093A10CE5B4}.Release|Any CPU.Build.0 = Release|Any CPU
	EndGlobalSection
	GlobalSection(SolutionProperties) = preSolution
		HideSolutionNode = FALSE
	EndGlobalSection
	GlobalSection(ExtensibilityGlobals) = postSolution
		SolutionGuid = {33CFABAE-7FAD-46F8-A8FD-3567FD61751A}
	EndGlobalSection
EndGlobal
